
Microsoft Visual Studio Solution File, Format Version 12.00
# Visual Studio Version 17
VisualStudioVersion = 17.11.35303.130
MinimumVisualStudioVersion = 10.0.40219.1
Project("{FAE04EC0-301F-11D3-BF4B-00C04F79EFBC}") = "RandomFileGenerator", "RandomFileGenerator\RandomFileGenerator.csproj", "{00900505-3708-433B-BCD4-4CE9B482D3CF}"
EndProject
Global
	GlobalSection(SolutionConfigurationPlatforms) = preSolution
		Debug|Any CPU = Debug|Any CPU
		Release|Any CPU = Release|Any CPU
	EndGlobalSection
	GlobalSection(ProjectConfigurationPlatforms) = postSolution
		{00900505-3708-433B-BCD4-4CE9B482D3CF}.Debug|Any CPU.ActiveCfg = Debug|Any CPU
		{00900505-3708-433B-BCD4-4CE9B482D3CF}.Debug|Any CPU.Build.0 = Debug|Any CPU
		{00900505-3708-433B-BCD4-4CE9B482D3CF}.Release|Any CPU.ActiveCfg = Release|Any CPU
		{00900505-3708-433B-BCD4-4CE9B482D3CF}.Release|Any CPU.Build.0 = Release|Any CPU
	EndGlobalSection
	GlobalSection(SolutionProperties) = preSolution
		HideSolutionNode = FALSE
	EndGlobalSection
	GlobalSection(ExtensibilityGlobals) = postSolution
		SolutionGuid = {1FDA9268-58DA-434C-8645-6B75478F2363}
	EndGlobalSection
EndGlobal
